
Microsoft Visual Studio Solution File, Format Version 12.00
# Visual Studio Version 17
VisualStudioVersion = 17.4.33213.308
MinimumVisualStudioVersion = 10.0.40219.1
Project("{FAE04EC0-301F-11D3-BF4B-00C04F79EFBC}") = "Tic-Tac-Toe", "Tic-Tac-Toe\Tic-Tac-Toe.csproj", "{9205EBEC-A90C-4DBA-95AC-452F81587743}"
EndProject
Global
	GlobalSection(SolutionConfigurationPlatforms) = preSolution
		Debug|Any CPU = Debug|Any CPU
		Release|Any CPU = Release|Any CPU
	EndGlobalSection
	GlobalSection(ProjectConfigurationPlatforms) = postSolution
		{9205EBEC-A90C-4DBA-95AC-452F81587743}.Debug|Any CPU.ActiveCfg = Debug|Any CPU
		{9205EBEC-A90C-4DBA-95AC-452F81587743}.Debug|Any CPU.Build.0 = Debug|Any CPU
		{9205EBEC-A90C-4DBA-95AC-452F81587743}.Release|Any CPU.ActiveCfg = Release|Any CPU
		{9205EBEC-A90C-4DBA-95AC-452F81587743}.Release|Any CPU.Build.0 = Release|Any CPU
	EndGlobalSection
	GlobalSection(SolutionProperties) = preSolution
		HideSolutionNode = FALSE
	EndGlobalSection
	GlobalSection(ExtensibilityGlobals) = postSolution
		SolutionGuid = {42721A2F-A77C-4104-9FCD-9B208D58CD94}
	EndGlobalSection
EndGlobal
